
Microsoft Visual Studio Solution File, Format Version 12.00
# Visual Studio Version 16
VisualStudioVersion = 16.0.30225.117
MinimumVisualStudioVersion = 10.0.40219.1
Project("{FAE04EC0-301F-11D3-BF4B-00C04F79EFBC}") = "P2_使用代码创建WPF应用程序", "P2_使用代码创建WPF应用程序\P2_使用代码创建WPF应用程序.csproj", "{2ADFDA43-5C4F-4218-8981-068C45C8CB0F}"
EndProject
Project("{FAE04EC0-301F-11D3-BF4B-00C04F79EFBC}") = "GridPractice", "GridPractice\GridPractice.csproj", "{F3636E5F-B022-4D00-B30E-51A34C76227A}"
EndProject
Project("{FAE04EC0-301F-11D3-BF4B-00C04F79EFBC}") = "CanvasAndInkCanvasPractice", "CanvasPractice\CanvasAndInkCanvasPractice.csproj", "{EDFAF2B0-23B8-48BD-8504-7539FC3D6881}"
EndProject
Project("{FAE04EC0-301F-11D3-BF4B-00C04F79EFBC}") = "P9_ 键盘输入", "P9_ 键盘输入\P9_ 键盘输入.csproj", "{BD733A11-7478-4707-AD2D-7B4ABC0AA1B4}"
EndProject
Project("{FAE04EC0-301F-11D3-BF4B-00C04F79EFBC}") = "鼠标输入", "鼠标输入\鼠标输入.csproj", "{1542DB3E-41BB-4943-BF1B-DB425D74F755}"
EndProject
Project("{FAE04EC0-301F-11D3-BF4B-00C04F79EFBC}") = "GroupBox", "GroupBox\GroupBox.csproj", "{0846FD6D-6FF0-402C-BDB5-D8FBF077521F}"
EndProject
Project("{FAE04EC0-301F-11D3-BF4B-00C04F79EFBC}") = "Expander", "Expander\Expander.csproj", "{D77EBE70-F792-4893-9C9C-F969A2F0D08B}"
EndProject
Project("{FAE04EC0-301F-11D3-BF4B-00C04F79EFBC}") = "WpfApplicationClass", "WpfApplicationClass\WpfApplicationClass.csproj", "{AFE39C25-FED1-46EE-9CAF-D7DE79FB99F2}"
EndProject
Project("{FAE04EC0-301F-11D3-BF4B-00C04F79EFBC}") = "P21_SingleInstance", "P21_SingleInstance\P21_SingleInstance.csproj", "{48F9F21D-F699-460B-973B-20D58E8C523E}"
EndProject
Global
	GlobalSection(SolutionConfigurationPlatforms) = preSolution
		Debug|Any CPU = Debug|Any CPU
		Release|Any CPU = Release|Any CPU
	EndGlobalSection
	GlobalSection(ProjectConfigurationPlatforms) = postSolution
		{2ADFDA43-5C4F-4218-8981-068C45C8CB0F}.Debug|Any CPU.ActiveCfg = Debug|Any CPU
		{2ADFDA43-5C4F-4218-8981-068C45C8CB0F}.Debug|Any CPU.Build.0 = Debug|Any CPU
		{2ADFDA43-5C4F-4218-8981-068C45C8CB0F}.Release|Any CPU.ActiveCfg = Release|Any CPU
		{2ADFDA43-5C4F-4218-8981-068C45C8CB0F}.Release|Any CPU.Build.0 = Release|Any CPU
		{F3636E5F-B022-4D00-B30E-51A34C76227A}.Debug|Any CPU.ActiveCfg = Debug|Any CPU
		{F3636E5F-B022-4D00-B30E-51A34C76227A}.Debug|Any CPU.Build.0 = Debug|Any CPU
		{F3636E5F-B022-4D00-B30E-51A34C76227A}.Release|Any CPU.ActiveCfg = Release|Any CPU
		{F3636E5F-B022-4D00-B30E-51A34C76227A}.Release|Any CPU.Build.0 = Release|Any CPU
		{EDFAF2B0-23B8-48BD-8504-7539FC3D6881}.Debug|Any CPU.ActiveCfg = Debug|Any CPU
		{EDFAF2B0-23B8-48BD-8504-7539FC3D6881}.Debug|Any CPU.Build.0 = Debug|Any CPU
		{EDFAF2B0-23B8-48BD-8504-7539FC3D6881}.Release|Any CPU.ActiveCfg = Release|Any CPU
		{EDFAF2B0-23B8-48BD-8504-7539FC3D6881}.Release|Any CPU.Build.0 = Release|Any CPU
		{BD733A11-7478-4707-AD2D-7B4ABC0AA1B4}.Debug|Any CPU.ActiveCfg = Debug|Any CPU
		{BD733A11-7478-4707-AD2D-7B4ABC0AA1B4}.Debug|Any CPU.Build.0 = Debug|Any CPU
		{BD733A11-7478-4707-AD2D-7B4ABC0AA1B4}.Release|Any CPU.ActiveCfg = Release|Any CPU
		{BD733A11-7478-4707-AD2D-7B4ABC0AA1B4}.Release|Any CPU.Build.0 = Release|Any CPU
		{1542DB3E-41BB-4943-BF1B-DB425D74F755}.Debug|Any CPU.ActiveCfg = Debug|Any CPU
		{1542DB3E-41BB-4943-BF1B-DB425D74F755}.Debug|Any CPU.Build.0 = Debug|Any CPU
		{1542DB3E-41BB-4943-BF1B-DB425D74F755}.Release|Any CPU.ActiveCfg = Release|Any CPU
		{1542DB3E-41BB-4943-BF1B-DB425D74F755}.Release|Any CPU.Build.0 = Release|Any CPU
		{0846FD6D-6FF0-402C-BDB5-D8FBF077521F}.Debug|Any CPU.ActiveCfg = Debug|Any CPU
		{0846FD6D-6FF0-402C-BDB5-D8FBF077521F}.Debug|Any CPU.Build.0 = Debug|Any CPU
		{0846FD6D-6FF0-402C-BDB5-D8FBF077521F}.Release|Any CPU.ActiveCfg = Release|Any CPU
		{0846FD6D-6FF0-402C-BDB5-D8FBF077521F}.Release|Any CPU.Build.0 = Release|Any CPU
		{D77EBE70-F792-4893-9C9C-F969A2F0D08B}.Debug|Any CPU.ActiveCfg = Debug|Any CPU
		{D77EBE70-F792-4893-9C9C-F969A2F0D08B}.Debug|Any CPU.Build.0 = Debug|Any CPU
		{D77EBE70-F792-4893-9C9C-F969A2F0D08B}.Release|Any CPU.ActiveCfg = Release|Any CPU
		{D77EBE70-F792-4893-9C9C-F969A2F0D08B}.Release|Any CPU.Build.0 = Release|Any CPU
		{AFE39C25-FED1-46EE-9CAF-D7DE79FB99F2}.Debug|Any CPU.ActiveCfg = Debug|Any CPU
		{AFE39C25-FED1-46EE-9CAF-D7DE79FB99F2}.Debug|Any CPU.Build.0 = Debug|Any CPU
		{AFE39C25-FED1-46EE-9CAF-D7DE79FB99F2}.Release|Any CPU.ActiveCfg = Release|Any CPU
		{AFE39C25-FED1-46EE-9CAF-D7DE79FB99F2}.Release|Any CPU.Build.0 = Release|Any CPU
		{48F9F21D-F699-460B-973B-20D58E8C523E}.Debug|Any CPU.ActiveCfg = Debug|Any CPU
		{48F9F21D-F699-460B-973B-20D58E8C523E}.Debug|Any CPU.Build.0 = Debug|Any CPU
		{48F9F21D-F699-460B-973B-20D58E8C523E}.Release|Any CPU.ActiveCfg = Release|Any CPU
		{48F9F21D-F699-460B-973B-20D58E8C523E}.Release|Any CPU.Build.0 = Release|Any CPU
	EndGlobalSection
	GlobalSection(SolutionProperties) = preSolution
		HideSolutionNode = FALSE
	EndGlobalSection
	GlobalSection(ExtensibilityGlobals) = postSolution
		SolutionGuid = {7D3EA6E5-E898-4872-B8AE-C5FA6F90A54D}
	EndGlobalSection
EndGlobal
