
Microsoft Visual Studio Solution File, Format Version 12.00
# Visual Studio Version 16
VisualStudioVersion = 16.0.30225.117
MinimumVisualStudioVersion = 10.0.40219.1
Project("{FAE04EC0-301F-11D3-BF4B-00C04F79EFBC}") = "P2_使用代码创建WPF应用程序", "P2_使用代码创建WPF应用程序\P2_使用代码创建WPF应用程序.csproj", "{2ADFDA43-5C4F-4218-8981-068C45C8CB0F}"
EndProject
Global
	GlobalSection(SolutionConfigurationPlatforms) = preSolution
		Debug|Any CPU = Debug|Any CPU
		Release|Any CPU = Release|Any CPU
	EndGlobalSection
	GlobalSection(ProjectConfigurationPlatforms) = postSolution
		{2ADFDA43-5C4F-4218-8981-068C45C8CB0F}.Debug|Any CPU.ActiveCfg = Debug|Any CPU
		{2ADFDA43-5C4F-4218-8981-068C45C8CB0F}.Debug|Any CPU.Build.0 = Debug|Any CPU
		{2ADFDA43-5C4F-4218-8981-068C45C8CB0F}.Release|Any CPU.ActiveCfg = Release|Any CPU
		{2ADFDA43-5C4F-4218-8981-068C45C8CB0F}.Release|Any CPU.Build.0 = Release|Any CPU
	EndGlobalSection
	GlobalSection(SolutionProperties) = preSolution
		HideSolutionNode = FALSE
	EndGlobalSection
	GlobalSection(ExtensibilityGlobals) = postSolution
		SolutionGuid = {7D3EA6E5-E898-4872-B8AE-C5FA6F90A54D}
	EndGlobalSection
EndGlobal
